
Microsoft Visual Studio Solution File, Format Version 12.00
# Visual Studio 2013
VisualStudioVersion = 12.0.21005.1
MinimumVisualStudioVersion = 10.0.40219.1
Project("{8BC9CEB8-8B4A-11D0-8D11-00A0C91BC942}") = "Myin", "Myin\Myin.vcxproj", "{9303ABA7-8A06-406B-AB87-4557395D8862}"
EndProject
Project("{8BC9CEB8-8B4A-11D0-8D11-00A0C91BC942}") = "Utilities", "Utilities\Utilities.vcxproj", "{ADC5BFC6-596A-4B93-9EA3-4D8DF5B5F16F}"
EndProject
Global
	GlobalSection(SolutionConfigurationPlatforms) = preSolution
		Debug|Win32 = Debug|Win32
		Release|Win32 = Release|Win32
	EndGlobalSection
	GlobalSection(ProjectConfigurationPlatforms) = postSolution
		{9303ABA7-8A06-406B-AB87-4557395D8862}.Debug|Win32.ActiveCfg = Debug|Win32
		{9303ABA7-8A06-406B-AB87-4557395D8862}.Debug|Win32.Build.0 = Debug|Win32
		{9303ABA7-8A06-406B-AB87-4557395D8862}.Release|Win32.ActiveCfg = Release|Win32
		{9303ABA7-8A06-406B-AB87-4557395D8862}.Release|Win32.Build.0 = Release|Win32
		{ADC5BFC6-596A-4B93-9EA3-4D8DF5B5F16F}.Debug|Win32.ActiveCfg = Debug|Win32
		{ADC5BFC6-596A-4B93-9EA3-4D8DF5B5F16F}.Debug|Win32.Build.0 = Debug|Win32
		{ADC5BFC6-596A-4B93-9EA3-4D8DF5B5F16F}.Release|Win32.ActiveCfg = Release|Win32
		{ADC5BFC6-596A-4B93-9EA3-4D8DF5B5F16F}.Release|Win32.Build.0 = Release|Win32
	EndGlobalSection
	GlobalSection(SolutionProperties) = preSolution
		HideSolutionNode = FALSE
	EndGlobalSection
EndGlobal
